
Microsoft Visual Studio Solution File, Format Version 12.00
# Visual Studio 2013
VisualStudioVersion = 12.0.31101.0
MinimumVisualStudioVersion = 10.0.40219.1
Project("{FAE04EC0-301F-11D3-BF4B-00C04F79EFBC}") = "OpenPGP", "OpenPGP\OpenPGP.csproj", "{A215F9D8-8E60-4B6F-AB11-669E9CB89247}"
EndProject
Project("{FAE04EC0-301F-11D3-BF4B-00C04F79EFBC}") = "Tests", "Tests\Tests.csproj", "{A2D080B9-5461-493B-9233-26FD45BDC2EC}"
EndProject
Global
	GlobalSection(SolutionConfigurationPlatforms) = preSolution
		Debug|Any CPU = Debug|Any CPU
		Release|Any CPU = Release|Any CPU
	EndGlobalSection
	GlobalSection(ProjectConfigurationPlatforms) = postSolution
		{A215F9D8-8E60-4B6F-AB11-669E9CB89247}.Debug|Any CPU.ActiveCfg = Debug|Any CPU
		{A215F9D8-8E60-4B6F-AB11-669E9CB89247}.Debug|Any CPU.Build.0 = Debug|Any CPU
		{A215F9D8-8E60-4B6F-AB11-669E9CB89247}.Release|Any CPU.ActiveCfg = Release|Any CPU
		{A215F9D8-8E60-4B6F-AB11-669E9CB89247}.Release|Any CPU.Build.0 = Release|Any CPU
		{A2D080B9-5461-493B-9233-26FD45BDC2EC}.Debug|Any CPU.ActiveCfg = Debug|Any CPU
		{A2D080B9-5461-493B-9233-26FD45BDC2EC}.Debug|Any CPU.Build.0 = Debug|Any CPU
		{A2D080B9-5461-493B-9233-26FD45BDC2EC}.Release|Any CPU.ActiveCfg = Release|Any CPU
		{A2D080B9-5461-493B-9233-26FD45BDC2EC}.Release|Any CPU.Build.0 = Release|Any CPU
	EndGlobalSection
	GlobalSection(SolutionProperties) = preSolution
		HideSolutionNode = FALSE
	EndGlobalSection
EndGlobal
